
Microsoft Visual Studio Solution File, Format Version 12.00
# Visual Studio Version 17
VisualStudioVersion = 17.11.35327.3
MinimumVisualStudioVersion = 10.0.40219.1
Project("{FAE04EC0-301F-11D3-BF4B-00C04F79EFBC}") = "SimpleCalculator", "SimpleCalculator\SimpleCalculator.csproj", "{AEC3E702-BF81-4F5B-8F4D-48D92C03118F}"
EndProject
Global
	GlobalSection(SolutionConfigurationPlatforms) = preSolution
		Debug|Any CPU = Debug|Any CPU
		Release|Any CPU = Release|Any CPU
	EndGlobalSection
	GlobalSection(ProjectConfigurationPlatforms) = postSolution
		{AEC3E702-BF81-4F5B-8F4D-48D92C03118F}.Debug|Any CPU.ActiveCfg = Debug|Any CPU
		{AEC3E702-BF81-4F5B-8F4D-48D92C03118F}.Debug|Any CPU.Build.0 = Debug|Any CPU
		{AEC3E702-BF81-4F5B-8F4D-48D92C03118F}.Release|Any CPU.ActiveCfg = Release|Any CPU
		{AEC3E702-BF81-4F5B-8F4D-48D92C03118F}.Release|Any CPU.Build.0 = Release|Any CPU
	EndGlobalSection
	GlobalSection(SolutionProperties) = preSolution
		HideSolutionNode = FALSE
	EndGlobalSection
	GlobalSection(ExtensibilityGlobals) = postSolution
		SolutionGuid = {DCBEDAB0-F228-4A89-B83E-6BB9F23AD6DB}
	EndGlobalSection
EndGlobal
