
Microsoft Visual Studio Solution File, Format Version 12.00
# Visual Studio Version 17
VisualStudioVersion = 17.11.35312.102
MinimumVisualStudioVersion = 10.0.40219.1
Project("{FAE04EC0-301F-11D3-BF4B-00C04F79EFBC}") = "ArmstrongNum", "ArmstrongNum\ArmstrongNum.csproj", "{96EC9576-D10B-4612-AEAA-BAF7BC01A9CB}"
EndProject
Global
	GlobalSection(SolutionConfigurationPlatforms) = preSolution
		Debug|Any CPU = Debug|Any CPU
		Release|Any CPU = Release|Any CPU
	EndGlobalSection
	GlobalSection(ProjectConfigurationPlatforms) = postSolution
		{96EC9576-D10B-4612-AEAA-BAF7BC01A9CB}.Debug|Any CPU.ActiveCfg = Debug|Any CPU
		{96EC9576-D10B-4612-AEAA-BAF7BC01A9CB}.Debug|Any CPU.Build.0 = Debug|Any CPU
		{96EC9576-D10B-4612-AEAA-BAF7BC01A9CB}.Release|Any CPU.ActiveCfg = Release|Any CPU
		{96EC9576-D10B-4612-AEAA-BAF7BC01A9CB}.Release|Any CPU.Build.0 = Release|Any CPU
	EndGlobalSection
	GlobalSection(SolutionProperties) = preSolution
		HideSolutionNode = FALSE
	EndGlobalSection
	GlobalSection(ExtensibilityGlobals) = postSolution
		SolutionGuid = {C0FBC40A-2AB6-4CE8-B200-7106A9EFCCA6}
	EndGlobalSection
EndGlobal
